
Microsoft Visual Studio Solution File, Format Version 12.00
# Visual Studio Version 17
VisualStudioVersion = 17.4.33213.308
MinimumVisualStudioVersion = 10.0.40219.1
Project("{FAE04EC0-301F-11D3-BF4B-00C04F79EFBC}") = "DelegatesAndLinq", "DelegatesAndLinq\DelegatesAndLinq.csproj", "{403FA859-51AB-41BC-9ADD-CB640A2D4F10}"
EndProject
Global
	GlobalSection(SolutionConfigurationPlatforms) = preSolution
		Debug|Any CPU = Debug|Any CPU
		Release|Any CPU = Release|Any CPU
	EndGlobalSection
	GlobalSection(ProjectConfigurationPlatforms) = postSolution
		{403FA859-51AB-41BC-9ADD-CB640A2D4F10}.Debug|Any CPU.ActiveCfg = Debug|Any CPU
		{403FA859-51AB-41BC-9ADD-CB640A2D4F10}.Debug|Any CPU.Build.0 = Debug|Any CPU
		{403FA859-51AB-41BC-9ADD-CB640A2D4F10}.Release|Any CPU.ActiveCfg = Release|Any CPU
		{403FA859-51AB-41BC-9ADD-CB640A2D4F10}.Release|Any CPU.Build.0 = Release|Any CPU
	EndGlobalSection
	GlobalSection(SolutionProperties) = preSolution
		HideSolutionNode = FALSE
	EndGlobalSection
	GlobalSection(ExtensibilityGlobals) = postSolution
		SolutionGuid = {86E682EA-66EC-4523-9149-B85B0F7008BF}
	EndGlobalSection
EndGlobal
