
Microsoft Visual Studio Solution File, Format Version 12.00
# Visual Studio Version 17
VisualStudioVersion = 17.4.33213.308
MinimumVisualStudioVersion = 10.0.40219.1
Project("{FAE04EC0-301F-11D3-BF4B-00C04F79EFBC}") = "ConsoleApp5", "ConsoleApp5\ConsoleApp5.csproj", "{FC61D47E-C2A8-4C04-9431-DE9B2A275200}"
EndProject
Global
	GlobalSection(SolutionConfigurationPlatforms) = preSolution
		Debug|Any CPU = Debug|Any CPU
		Release|Any CPU = Release|Any CPU
	EndGlobalSection
	GlobalSection(ProjectConfigurationPlatforms) = postSolution
		{FC61D47E-C2A8-4C04-9431-DE9B2A275200}.Debug|Any CPU.ActiveCfg = Debug|Any CPU
		{FC61D47E-C2A8-4C04-9431-DE9B2A275200}.Debug|Any CPU.Build.0 = Debug|Any CPU
		{FC61D47E-C2A8-4C04-9431-DE9B2A275200}.Release|Any CPU.ActiveCfg = Release|Any CPU
		{FC61D47E-C2A8-4C04-9431-DE9B2A275200}.Release|Any CPU.Build.0 = Release|Any CPU
	EndGlobalSection
	GlobalSection(SolutionProperties) = preSolution
		HideSolutionNode = FALSE
	EndGlobalSection
	GlobalSection(ExtensibilityGlobals) = postSolution
		SolutionGuid = {FBB9DE2C-2F31-4514-B631-B23981030FF8}
	EndGlobalSection
EndGlobal
